
Microsoft Visual Studio Solution File, Format Version 12.00
# Visual Studio Version 16
VisualStudioVersion = 16.0.29806.167
MinimumVisualStudioVersion = 10.0.40219.1
Project("{9A19103F-16F7-4668-BE54-9A1E7A4F7556}") = "ExRandomTests", "ExRandomTests\ExRandomTests.csproj", "{A2AFC00D-2F47-4279-A296-6450C57C9900}"
EndProject
Project("{FAE04EC0-301F-11D3-BF4B-00C04F79EFBC}") = "ExRandom", "ExRandom\ExRandom.csproj", "{EDAF007A-FD66-49F1-989C-275BFCA94901}"
EndProject
Global
	GlobalSection(SolutionConfigurationPlatforms) = preSolution
		Debug|Any CPU = Debug|Any CPU
		Release|Any CPU = Release|Any CPU
	EndGlobalSection
	GlobalSection(ProjectConfigurationPlatforms) = postSolution
		{A2AFC00D-2F47-4279-A296-6450C57C9900}.Debug|Any CPU.ActiveCfg = Debug|Any CPU
		{A2AFC00D-2F47-4279-A296-6450C57C9900}.Debug|Any CPU.Build.0 = Debug|Any CPU
		{A2AFC00D-2F47-4279-A296-6450C57C9900}.Release|Any CPU.ActiveCfg = Release|Any CPU
		{A2AFC00D-2F47-4279-A296-6450C57C9900}.Release|Any CPU.Build.0 = Release|Any CPU
		{EDAF007A-FD66-49F1-989C-275BFCA94901}.Debug|Any CPU.ActiveCfg = Debug|Any CPU
		{EDAF007A-FD66-49F1-989C-275BFCA94901}.Debug|Any CPU.Build.0 = Debug|Any CPU
		{EDAF007A-FD66-49F1-989C-275BFCA94901}.Release|Any CPU.ActiveCfg = Release|Any CPU
		{EDAF007A-FD66-49F1-989C-275BFCA94901}.Release|Any CPU.Build.0 = Release|Any CPU
	EndGlobalSection
	GlobalSection(SolutionProperties) = preSolution
		HideSolutionNode = FALSE
	EndGlobalSection
	GlobalSection(ExtensibilityGlobals) = postSolution
		SolutionGuid = {A40A80EC-F60F-4495-84CC-DAF02245D5D4}
	EndGlobalSection
EndGlobal
